<?xml version="1.0" encoding="utf-8"?>
<Project ToolsVersion="4.0" xmlns="http://schemas.microsoft.com/developer/msbuild/2003">
  <ItemGroup>
    <Filter Include="源文件">
      <UniqueIdentifier>{4FC737F1-C7A5-4376-A066-2A32D752A2FF}</UniqueIdentifier>
      <Extensions>cpp;c;cc;cxx;c++;cppm;ixx;def;odl;idl;hpj;bat;asm;asmx</Extensions>
    </Filter>
    <Filter Include="头文件">
      <UniqueIdentifier>{93995380-89BD-4b04-88EB-625FBE52EBFB}</UniqueIdentifier>
      <Extensions>h;hh;hpp;hxx;h++;hm;inl;inc;ipp;xsd</Extensions>
    </Filter>
    <Filter Include="资源文件">
      <UniqueIdentifier>{67DA6AB6-F800-4c08-8B7A-83BB121AAD01}</UniqueIdentifier>
      <Extensions>rc;ico;cur;bmp;dlg;rc2;rct;bin;rgs;gif;jpg;jpeg;jpe;resx;tiff;tif;png;wav;mfcribbon-ms</Extensions>
    </Filter>
    <Filter Include="源文件\Core">
      <UniqueIdentifier>{5c8fa34a-1b89-4e8d-80fd-160076dae066}</UniqueIdentifier>
    </Filter>
    <Filter Include="头文件\Core">
      <UniqueIdentifier>{a1d0f9f5-504a-4c1a-ad89-dacb71674ccc}</UniqueIdentifier>
    </Filter>
    <Filter Include="头文件\Resource">
      <UniqueIdentifier>{55bf8fb5-70f6-40bc-8b70-4260cf253023}</UniqueIdentifier>
    </Filter>
    <Filter Include="源文件\Resource">
      <UniqueIdentifier>{e7b341e8-4099-4d29-9a6b-7e32fb613430}</UniqueIdentifier>
    </Filter>
    <Filter Include="头文件\Rendering">
      <UniqueIdentifier>{6bca578c-c327-4e52-a5c7-73eb8db61ce3}</UniqueIdentifier>
    </Filter>
    <Filter Include="源文件\Rendering">
      <UniqueIdentifier>{56dd1390-e47c-48ec-99ef-82071e57df2c}</UniqueIdentifier>
    </Filter>
    <Filter Include="头文件\Editor">
      <UniqueIdentifier>{04ef09c7-3459-49d3-a183-043902353a27}</UniqueIdentifier>
    </Filter>
    <Filter Include="源文件\Editor">
      <UniqueIdentifier>{16d2830b-8ccf-4084-b7ff-5a041f0fe2d6}</UniqueIdentifier>
    </Filter>
    <Filter Include="Library">
      <UniqueIdentifier>{c308844f-6e1c-4150-94c9-a2110d96339a}</UniqueIdentifier>
    </Filter>
    <Filter Include="Library\imgui">
      <UniqueIdentifier>{21ff2761-73ef-420d-a093-2fc3f985bc6e}</UniqueIdentifier>
    </Filter>
  </ItemGroup>
  <ItemGroup>
    <ClCompile Include="Main.cpp">
      <Filter>源文件</Filter>
    </ClCompile>
    <ClCompile Include="Core\Engine.cpp">
      <Filter>源文件\Core</Filter>
    </ClCompile>
    <ClCompile Include="Core\Win32App.cpp">
      <Filter>源文件\Core</Filter>
    </ClCompile>
    <ClCompile Include="Core\GraphicContex.cpp">
      <Filter>源文件\Core</Filter>
    </ClCompile>
    <ClCompile Include="Core\DescriptorHeap.cpp">
      <Filter>源文件\Core</Filter>
    </ClCompile>
    <ClCompile Include="Resource\Buffer.cpp">
      <Filter>源文件\Resource</Filter>
    </ClCompile>
    <ClCompile Include="Resource\Mesh.cpp">
      <Filter>源文件\Resource</Filter>
    </ClCompile>
    <ClCompile Include="Resource\Shader.cpp">
      <Filter>源文件\Resource</Filter>
    </ClCompile>
    <ClCompile Include="Resource\Texture2D.cpp">
      <Filter>源文件\Resource</Filter>
    </ClCompile>
    <ClCompile Include="Resource\UploadBuffer.cpp">
      <Filter>源文件\Resource</Filter>
    </ClCompile>
    <ClCompile Include="Rendering\Camera.cpp">
      <Filter>源文件\Rendering</Filter>
    </ClCompile>
    <ClCompile Include="Rendering\Transform.cpp">
      <Filter>源文件\Rendering</Filter>
    </ClCompile>
    <ClCompile Include="Rendering\RenderTexture.cpp">
      <Filter>源文件\Rendering</Filter>
    </ClCompile>
    <ClCompile Include="Core\Timer.cpp">
      <Filter>源文件\Core</Filter>
    </ClCompile>
    <ClCompile Include="Rendering\RenderPass.cpp">
      <Filter>源文件\Rendering</Filter>
    </ClCompile>
    <ClCompile Include="Rendering\DepthTexture.cpp">
      <Filter>源文件\Rendering</Filter>
    </ClCompile>
    <ClCompile Include="Resource\Material.cpp">
      <Filter>源文件\Resource</Filter>
    </ClCompile>
    <ClCompile Include="Editor\Actor.cpp">
      <Filter>源文件\Editor</Filter>
    </ClCompile>
    <ClCompile Include="Editor\Editor.cpp">
      <Filter>源文件\Editor</Filter>
    </ClCompile>
    <ClCompile Include="Library\imgui\imgui_impl_dx12.cpp">
      <Filter>Library\imgui</Filter>
    </ClCompile>
    <ClCompile Include="Library\imgui\imgui_impl_win32.cpp">
      <Filter>Library\imgui</Filter>
    </ClCompile>
    <ClCompile Include="Library\imgui\imgui.cpp">
      <Filter>Library\imgui</Filter>
    </ClCompile>
    <ClCompile Include="Library\imgui\imgui_demo.cpp">
      <Filter>Library\imgui</Filter>
    </ClCompile>
    <ClCompile Include="Library\imgui\imgui_draw.cpp">
      <Filter>Library\imgui</Filter>
    </ClCompile>
    <ClCompile Include="Library\imgui\imgui_tables.cpp">
      <Filter>Library\imgui</Filter>
    </ClCompile>
    <ClCompile Include="Library\imgui\imgui_widgets.cpp">
      <Filter>Library\imgui</Filter>
    </ClCompile>
  </ItemGroup>
  <ItemGroup>
    <ClInclude Include="Core\d3dx12.h">
      <Filter>头文件\Core</Filter>
    </ClInclude>
    <ClInclude Include="Core\Engine.h">
      <Filter>头文件\Core</Filter>
    </ClInclude>
    <ClInclude Include="Core\helper.h">
      <Filter>头文件\Core</Filter>
    </ClInclude>
    <ClInclude Include="Core\Win32App.h">
      <Filter>头文件\Core</Filter>
    </ClInclude>
    <ClInclude Include="Core\DescriptorHeap.h">
      <Filter>头文件\Core</Filter>
    </ClInclude>
    <ClInclude Include="Core\GraphicContex.h">
      <Filter>头文件\Core</Filter>
    </ClInclude>
    <ClInclude Include="Resource\Buffer.h">
      <Filter>头文件\Resource</Filter>
    </ClInclude>
    <ClInclude Include="Resource\Mesh.h">
      <Filter>头文件\Resource</Filter>
    </ClInclude>
    <ClInclude Include="Resource\Shader.h">
      <Filter>头文件\Resource</Filter>
    </ClInclude>
    <ClInclude Include="Resource\Texture2D.h">
      <Filter>头文件\Resource</Filter>
    </ClInclude>
    <ClInclude Include="Resource\UploadBuffer.h">
      <Filter>头文件\Resource</Filter>
    </ClInclude>
    <ClInclude Include="Rendering\Camera.h">
      <Filter>头文件\Rendering</Filter>
    </ClInclude>
    <ClInclude Include="Rendering\Transform.h">
      <Filter>头文件\Rendering</Filter>
    </ClInclude>
    <ClInclude Include="Rendering\RenderTexture.h">
      <Filter>头文件\Rendering</Filter>
    </ClInclude>
    <ClInclude Include="Core\Timer.h">
      <Filter>头文件\Core</Filter>
    </ClInclude>
    <ClInclude Include="Rendering\RenderPass.h">
      <Filter>头文件\Rendering</Filter>
    </ClInclude>
    <ClInclude Include="Rendering\DepthTexture.h">
      <Filter>头文件\Rendering</Filter>
    </ClInclude>
    <ClInclude Include="Resource\Material.h">
      <Filter>头文件\Resource</Filter>
    </ClInclude>
    <ClInclude Include="Editor\Actor.h">
      <Filter>头文件\Editor</Filter>
    </ClInclude>
    <ClInclude Include="Editor\Editor.h">
      <Filter>头文件\Editor</Filter>
    </ClInclude>
    <ClInclude Include="Library\imgui\imgui.h">
      <Filter>Library\imgui</Filter>
    </ClInclude>
    <ClInclude Include="Library\imgui\imgui_impl_dx12.h">
      <Filter>Library\imgui</Filter>
    </ClInclude>
    <ClInclude Include="Library\imgui\imgui_impl_win32.h">
      <Filter>Library\imgui</Filter>
    </ClInclude>
    <ClInclude Include="Library\stb_image.h">
      <Filter>Library</Filter>
    </ClInclude>
    <ClInclude Include="Library\tiny_obj_loader.h">
      <Filter>Library</Filter>
    </ClInclude>
    <ClInclude Include="Library\imgui\imconfig.h">
      <Filter>Library\imgui</Filter>
    </ClInclude>
    <ClInclude Include="Library\imgui\imgui_internal.h">
      <Filter>Library\imgui</Filter>
    </ClInclude>
    <ClInclude Include="Library\imgui\imstb_rectpack.h">
      <Filter>Library\imgui</Filter>
    </ClInclude>
    <ClInclude Include="Library\imgui\imstb_textedit.h">
      <Filter>Library\imgui</Filter>
    </ClInclude>
    <ClInclude Include="Library\imgui\imstb_truetype.h">
      <Filter>Library\imgui</Filter>
    </ClInclude>
  </ItemGroup>
</Project>